// !$*UTF8*$!
{
	archiveVersion = 1;
	classes = {
	};
	objectVersion = 52;
	objects = {

/* Begin PBXBuildFile section */
		8538A4DA23FAE0C900AA749B /* AppDelegate.swift in Sources */ = {isa = PBXBuildFile; fileRef = 8538A4D923FAE0C900AA749B /* AppDelegate.swift */; };
		8538A4DF23FAE0C900AA749B /* Main.storyboard in Resources */ = {isa = PBXBuildFile; fileRef = 8538A4DD23FAE0C900AA749B /* Main.storyboard */; };
		8538A4E223FAE0C900AA749B /* LaunchScreen.storyboard in Resources */ = {isa = PBXBuildFile; fileRef = 8538A4E023FAE0C900AA749B /* LaunchScreen.storyboard */; };
		8538A4F023FB1BCC00AA749B /* Images.xcassets in Resources */ = {isa = PBXBuildFile; fileRef = 8538A4EF23FB1BCC00AA749B /* Images.xcassets */; };
		858FBEEE2407B8AD0079616E /* Data.swift in Sources */ = {isa = PBXBuildFile; fileRef = 858FBEED2407B8AD0079616E /* Data.swift */; };
		85DCC98A24042C7E00F2B782 /* ViewController.swift in Sources */ = {isa = PBXBuildFile; fileRef = 85DCC98924042C7E00F2B782 /* ViewController.swift */; };
		85DCC98E2404796B00F2B782 /* ViewController2.swift in Sources */ = {isa = PBXBuildFile; fileRef = 85DCC98D2404796B00F2B782 /* ViewController2.swift */; };
/* End PBXBuildFile section */

/* Begin PBXFileReference section */
		8538A4D623FAE0C800AA749B /* Радио.app */ = {isa = PBXFileReference; explicitFileType = wrapper.application; includeInIndex = 0; path = "Радио.app"; sourceTree = BUILT_PRODUCTS_DIR; };
		8538A4D923FAE0C900AA749B /* AppDelegate.swift */ = {isa = PBXFileReference; lastKnownFileType = sourcecode.swift; path = AppDelegate.swift; sourceTree = "<group>"; };
		8538A4DE23FAE0C900AA749B /* Base */ = {isa = PBXFileReference; lastKnownFileType = file.storyboard; name = Base; path = Base.lproj/Main.storyboard; sourceTree = "<group>"; };
		8538A4E123FAE0C900AA749B /* Base */ = {isa = PBXFileReference; lastKnownFileType = file.storyboard; name = Base; path = Base.lproj/LaunchScreen.storyboard; sourceTree = "<group>"; };
		8538A4E323FAE0C900AA749B /* Info.plist */ = {isa = PBXFileReference; lastKnownFileType = text.plist.xml; path = Info.plist; sourceTree = "<group>"; };
		8538A4EF23FB1BCC00AA749B /* Images.xcassets */ = {isa = PBXFileReference; lastKnownFileType = folder.assetcatalog; path = Images.xcassets; sourceTree = "<group>"; };
		858FBEED2407B8AD0079616E /* Data.swift */ = {isa = PBXFileReference; lastKnownFileType = sourcecode.swift; path = Data.swift; sourceTree = "<group>"; };
		85DCC98924042C7E00F2B782 /* ViewController.swift */ = {isa = PBXFileReference; lastKnownFileType = sourcecode.swift; path = ViewController.swift; sourceTree = "<group>"; };
		85DCC98D2404796B00F2B782 /* ViewController2.swift */ = {isa = PBXFileReference; lastKnownFileType = sourcecode.swift; path = ViewController2.swift; sourceTree = "<group>"; };
/* End PBXFileReference section */

/* Begin PBXFrameworksBuildPhase section */
		8538A4D323FAE0C800AA749B /* Frameworks */ = {
			isa = PBXFrameworksBuildPhase;
			buildActionMask = 2147483647;
			files = (
			);
			runOnlyForDeploymentPostprocessing = 0;
		};
/* End PBXFrameworksBuildPhase section */

/* Begin PBXGroup section */
		8538A4CD23FAE0C800AA749B = {
			isa = PBXGroup;
			children = (
				8538A4D823FAE0C800AA749B /* Радио */,
				8538A4D723FAE0C800AA749B /* Products */,
			);
			sourceTree = "<group>";
			usesTabs = 0;
		};
		8538A4D723FAE0C800AA749B /* Products */ = {
			isa = PBXGroup;
			children = (
				8538A4D623FAE0C800AA749B /* Радио.app */,
			);
			name = Products;
			sourceTree = "<group>";
		};
		8538A4D823FAE0C800AA749B /* Радио */ = {
			isa = PBXGroup;
			children = (
				858FBEED2407B8AD0079616E /* Data.swift */,
				8538A4D923FAE0C900AA749B /* AppDelegate.swift */,
				85DCC98924042C7E00F2B782 /* ViewController.swift */,
				85DCC98D2404796B00F2B782 /* ViewController2.swift */,
				8538A4DD23FAE0C900AA749B /* Main.storyboard */,
				8538A4E023FAE0C900AA749B /* LaunchScreen.storyboard */,
				8538A4E323FAE0C900AA749B /* Info.plist */,
				8538A4EF23FB1BCC00AA749B /* Images.xcassets */,
			);
			path = "Радио";
			sourceTree = "<group>";
		};
/* End PBXGroup section */

/* Begin PBXNativeTarget section */
		8538A4D523FAE0C800AA749B /* Радио */ = {
			isa = PBXNativeTarget;
			buildConfigurationList = 8538A4E623FAE0C900AA749B /* Build configuration list for PBXNativeTarget "Радио" */;
			buildPhases = (
				8538A4D223FAE0C800AA749B /* Sources */,
				8538A4D323FAE0C800AA749B /* Frameworks */,
				8538A4D423FAE0C800AA749B /* Resources */,
			);
			buildRules = (
			);
			dependencies = (
			);
			name = "Радио";
			productName = "06 - UISlider";
			productReference = 8538A4D623FAE0C800AA749B /* Радио.app */;
			productType = "com.apple.product-type.application";
		};
/* End PBXNativeTarget section */

/* Begin PBXProject section */
		8538A4CE23FAE0C800AA749B /* Project object */ = {
			isa = PBXProject;
			attributes = {
				LastSwiftUpdateCheck = 1020;
				LastUpgradeCheck = 1020;
				ORGANIZATIONNAME = "Sergei Sidorenko";
				TargetAttributes = {
					8538A4D523FAE0C800AA749B = {
						CreatedOnToolsVersion = 10.2.1;
						LastSwiftMigration = 1130;
						SystemCapabilities = {
							com.apple.BackgroundModes = {
								enabled = 1;
							};
						};
					};
				};
			};
			buildConfigurationList = 8538A4D123FAE0C800AA749B /* Build configuration list for PBXProject "Радио" */;
			compatibilityVersion = "Xcode 11.0";
			developmentRegion = en;
			hasScannedForEncodings = 0;
			knownRegions = (
				en,
				Base,
			);
			mainGroup = 8538A4CD23FAE0C800AA749B;
			productRefGroup = 8538A4D723FAE0C800AA749B /* Products */;
			projectDirPath = "";
			projectRoot = "";
			targets = (
				8538A4D523FAE0C800AA749B /* Радио */,
			);
		};
/* End PBXProject section */

/* Begin PBXResourcesBuildPhase section */
		8538A4D423FAE0C800AA749B /* Resources */ = {
			isa = PBXResourcesBuildPhase;
			buildActionMask = 2147483647;
			files = (
				8538A4DF23FAE0C900AA749B /* Main.storyboard in Resources */,
				8538A4F023FB1BCC00AA749B /* Images.xcassets in Resources */,
				8538A4E223FAE0C900AA749B /* LaunchScreen.storyboard in Resources */,
			);
			runOnlyForDeploymentPostprocessing = 0;
		};
/* End PBXResourcesBuildPhase section */

/* Begin PBXSourcesBuildPhase section */
		8538A4D223FAE0C800AA749B /* Sources */ = {
			isa = PBXSourcesBuildPhase;
			buildActionMask = 2147483647;
			files = (
				8538A4DA23FAE0C900AA749B /* AppDelegate.swift in Sources */,
				858FBEEE2407B8AD0079616E /* Data.swift in Sources */,
				85DCC98A24042C7E00F2B782 /* ViewController.swift in Sources */,
				85DCC98E2404796B00F2B782 /* ViewController2.swift in Sources */,
			);
			runOnlyForDeploymentPostprocessing = 0;
		};
/* End PBXSourcesBuildPhase section */

/* Begin PBXVariantGroup section */
		8538A4DD23FAE0C900AA749B /* Main.storyboard */ = {
			isa = PBXVariantGroup;
			children = (
				8538A4DE23FAE0C900AA749B /* Base */,
			);
			name = Main.storyboard;
			sourceTree = "<group>";
		};
		8538A4E023FAE0C900AA749B /* LaunchScreen.storyboard */ = {
			isa = PBXVariantGroup;
			children = (
				8538A4E123FAE0C900AA749B /* Base */,
			);
			name = LaunchScreen.storyboard;
			sourceTree = "<group>";
		};
/* End PBXVariantGroup section */

/* Begin XCBuildConfiguration section */
		8538A4E423FAE0C900AA749B /* Debug */ = {
			isa = XCBuildConfiguration;
			buildSettings = {
				ALWAYS_SEARCH_USER_PATHS = NO;
				CLANG_ANALYZER_NONNULL = YES;
				CLANG_ANALYZER_NUMBER_OBJECT_CONVERSION = YES_AGGRESSIVE;
				CLANG_CXX_LANGUAGE_STANDARD = "gnu++14";
				CLANG_CXX_LIBRARY = "libc++";
				CLANG_ENABLE_MODULES = YES;
				CLANG_ENABLE_OBJC_ARC = YES;
				CLANG_ENABLE_OBJC_WEAK = YES;
				CLANG_WARN_BLOCK_CAPTURE_AUTORELEASING = YES;
				CLANG_WARN_BOOL_CONVERSION = YES;
				CLANG_WARN_COMMA = YES;
				CLANG_WARN_CONSTANT_CONVERSION = YES;
				CLANG_WARN_DEPRECATED_OBJC_IMPLEMENTATIONS = YES;
				CLANG_WARN_DIRECT_OBJC_ISA_USAGE = YES_ERROR;
				CLANG_WARN_DOCUMENTATION_COMMENTS = YES;
				CLANG_WARN_EMPTY_BODY = YES;
				CLANG_WARN_ENUM_CONVERSION = YES;
				CLANG_WARN_INFINITE_RECURSION = YES;
				CLANG_WARN_INT_CONVERSION = YES;
				CLANG_WARN_NON_LITERAL_NULL_CONVERSION = YES;
				CLANG_WARN_OBJC_IMPLICIT_RETAIN_SELF = YES;
				CLANG_WARN_OBJC_LITERAL_CONVERSION = YES;
				CLANG_WARN_OBJC_ROOT_CLASS = YES_ERROR;
				CLANG_WARN_RANGE_LOOP_ANALYSIS = YES;
				CLANG_WARN_STRICT_PROTOTYPES = YES;
				CLANG_WARN_SUSPICIOUS_MOVE = YES;
				CLANG_WARN_UNGUARDED_AVAILABILITY = YES_AGGRESSIVE;
				CLANG_WARN_UNREACHABLE_CODE = YES;
				CLANG_WARN__DUPLICATE_METHOD_MATCH = YES;
				CODE_SIGN_IDENTITY = "iPhone Developer";
				COPY_PHASE_STRIP = NO;
				DEBUG_INFORMATION_FORMAT = dwarf;
				ENABLE_STRICT_OBJC_MSGSEND = YES;
				ENABLE_TESTABILITY = YES;
				GCC_C_LANGUAGE_STANDARD = gnu11;
				GCC_DYNAMIC_NO_PIC = NO;
				GCC_NO_COMMON_BLOCKS = YES;
				GCC_OPTIMIZATION_LEVEL = 0;
				GCC_PREPROCESSOR_DEFINITIONS = (
					"DEBUG=1",
					"$(inherited)",
				);
				GCC_WARN_64_TO_32_BIT_CONVERSION = YES;
				GCC_WARN_ABOUT_RETURN_TYPE = YES_ERROR;
				GCC_WARN_UNDECLARED_SELECTOR = YES;
				GCC_WARN_UNINITIALIZED_AUTOS = YES_AGGRESSIVE;
				GCC_WARN_UNUSED_FUNCTION = YES;
				GCC_WARN_UNUSED_VARIABLE = YES;
				IPHONEOS_DEPLOYMENT_TARGET = 13.2;
				MTL_ENABLE_DEBUG_INFO = INCLUDE_SOURCE;
				MTL_FAST_MATH = YES;
				ONLY_ACTIVE_ARCH = YES;
				PRODUCT_NAME = "Радио";
				SDKROOT = iphoneos;
				SWIFT_ACTIVE_COMPILATION_CONDITIONS = DEBUG;
				SWIFT_OPTIMIZATION_LEVEL = "-Onone";
			};
			name = Debug;
		};
		8538A4E523FAE0C900AA749B /* Release */ = {
			isa = XCBuildConfiguration;
			buildSettings = {
				ALWAYS_SEARCH_USER_PATHS = NO;
				CLANG_ANALYZER_NONNULL = YES;
				CLANG_ANALYZER_NUMBER_OBJECT_CONVERSION = YES_AGGRESSIVE;
				CLANG_CXX_LANGUAGE_STANDARD = "gnu++14";
				CLANG_CXX_LIBRARY = "libc++";
				CLANG_ENABLE_MODULES = YES;
				CLANG_ENABLE_OBJC_ARC = YES;
				CLANG_ENABLE_OBJC_WEAK = YES;
				CLANG_WARN_BLOCK_CAPTURE_AUTORELEASING = YES;
				CLANG_WARN_BOOL_CONVERSION = YES;
				CLANG_WARN_COMMA = YES;
				CLANG_WARN_CONSTANT_CONVERSION = YES;
				CLANG_WARN_DEPRECATED_OBJC_IMPLEMENTATIONS = YES;
				CLANG_WARN_DIRECT_OBJC_ISA_USAGE = YES_ERROR;
				CLANG_WARN_DOCUMENTATION_COMMENTS = YES;
				CLANG_WARN_EMPTY_BODY = YES;
				CLANG_WARN_ENUM_CONVERSION = YES;
				CLANG_WARN_INFINITE_RECURSION = YES;
				CLANG_WARN_INT_CONVERSION = YES;
				CLANG_WARN_NON_LITERAL_NULL_CONVERSION = YES;
				CLANG_WARN_OBJC_IMPLICIT_RETAIN_SELF = YES;
				CLANG_WARN_OBJC_LITERAL_CONVERSION = YES;
				CLANG_WARN_OBJC_ROOT_CLASS = YES_ERROR;
				CLANG_WARN_RANGE_LOOP_ANALYSIS = YES;
				CLANG_WARN_STRICT_PROTOTYPES = YES;
				CLANG_WARN_SUSPICIOUS_MOVE = YES;
				CLANG_WARN_UNGUARDED_AVAILABILITY = YES_AGGRESSIVE;
				CLANG_WARN_UNREACHABLE_CODE = YES;
				CLANG_WARN__DUPLICATE_METHOD_MATCH = YES;
				CODE_SIGN_IDENTITY = "iPhone Developer";
				COPY_PHASE_STRIP = NO;
				DEBUG_INFORMATION_FORMAT = "dwarf-with-dsym";
				ENABLE_NS_ASSERTIONS = NO;
				ENABLE_STRICT_OBJC_MSGSEND = YES;
				GCC_C_LANGUAGE_STANDARD = gnu11;
				GCC_NO_COMMON_BLOCKS = YES;
				GCC_WARN_64_TO_32_BIT_CONVERSION = YES;
				GCC_WARN_ABOUT_RETURN_TYPE = YES_ERROR;
				GCC_WARN_UNDECLARED_SELECTOR = YES;
				GCC_WARN_UNINITIALIZED_AUTOS = YES_AGGRESSIVE;
				GCC_WARN_UNUSED_FUNCTION = YES;
				GCC_WARN_UNUSED_VARIABLE = YES;
				IPHONEOS_DEPLOYMENT_TARGET = 13.2;
				MTL_ENABLE_DEBUG_INFO = NO;
				MTL_FAST_MATH = YES;
				PRODUCT_NAME = "Радио";
				SDKROOT = iphoneos;
				SWIFT_COMPILATION_MODE = wholemodule;
				SWIFT_OPTIMIZATION_LEVEL = "-O";
				VALIDATE_PRODUCT = YES;
			};
			name = Release;
		};
		8538A4E723FAE0C900AA749B /* Debug */ = {
			isa = XCBuildConfiguration;
			buildSettings = {
				ASSETCATALOG_COMPILER_APPICON_NAME = AppIcon;
				ASSETCATALOG_COMPILER_LAUNCHIMAGE_NAME = LaunchImage;
				CODE_SIGN_STYLE = Automatic;
				DEVELOPMENT_TEAM = 5D7RMMVM42;
				INFOPLIST_FILE = "Радио/Info.plist";
				IPHONEOS_DEPLOYMENT_TARGET = 13.2;
				LD_RUNPATH_SEARCH_PATHS = (
					"$(inherited)",
					"@executable_path/Frameworks",
				);
				PRODUCT_BUNDLE_IDENTIFIER = "SW.Sidorenko.-6---UISlider";
				PRODUCT_NAME = "$(TARGET_NAME)";
				SWIFT_VERSION = 5.0;
				TARGETED_DEVICE_FAMILY = 1;
			};
			name = Debug;
		};
		8538A4E823FAE0C900AA749B /* Release */ = {
			isa = XCBuildConfiguration;
			buildSettings = {
				ASSETCATALOG_COMPILER_APPICON_NAME = AppIcon;
				ASSETCATALOG_COMPILER_LAUNCHIMAGE_NAME = LaunchImage;
				CODE_SIGN_STYLE = Automatic;
				DEVELOPMENT_TEAM = 5D7RMMVM42;
				INFOPLIST_FILE = "Радио/Info.plist";
				IPHONEOS_DEPLOYMENT_TARGET = 13.2;
				LD_RUNPATH_SEARCH_PATHS = (
					"$(inherited)",
					"@executable_path/Frameworks",
				);
				PRODUCT_BUNDLE_IDENTIFIER = "SW.Sidorenko.-6---UISlider";
				PRODUCT_NAME = "$(TARGET_NAME)";
				SWIFT_VERSION = 5.0;
				TARGETED_DEVICE_FAMILY = 1;
			};
			name = Release;
		};
/* End XCBuildConfiguration section */

/* Begin XCConfigurationList section */
		8538A4D123FAE0C800AA749B /* Build configuration list for PBXProject "Радио" */ = {
			isa = XCConfigurationList;
			buildConfigurations = (
				8538A4E423FAE0C900AA749B /* Debug */,
				8538A4E523FAE0C900AA749B /* Release */,
			);
			defaultConfigurationIsVisible = 0;
			defaultConfigurationName = Release;
		};
		8538A4E623FAE0C900AA749B /* Build configuration list for PBXNativeTarget "Радио" */ = {
			isa = XCConfigurationList;
			buildConfigurations = (
				8538A4E723FAE0C900AA749B /* Debug */,
				8538A4E823FAE0C900AA749B /* Release */,
			);
			defaultConfigurationIsVisible = 0;
			defaultConfigurationName = Release;
		};
/* End XCConfigurationList section */
	};
	rootObject = 8538A4CE23FAE0C800AA749B /* Project object */;
}
